
Microsoft Visual Studio Solution File, Format Version 12.00
# Visual Studio 15
VisualStudioVersion = 15.0.28307.421
MinimumVisualStudioVersion = 10.0.40219.1
Project("{FAE04EC0-301F-11D3-BF4B-00C04F79EFBC}") = "HelloWPF", "HelloWPF\HelloWPF.csproj", "{AE4B1D45-3BFE-4446-BDE8-FF9796731812}"
EndProject
Global
	GlobalSection(SolutionConfigurationPlatforms) = preSolution
		Debug|Any CPU = Debug|Any CPU
		Release|Any CPU = Release|Any CPU
	EndGlobalSection
	GlobalSection(ProjectConfigurationPlatforms) = postSolution
		{AE4B1D45-3BFE-4446-BDE8-FF9796731812}.Debug|Any CPU.ActiveCfg = Debug|Any CPU
		{AE4B1D45-3BFE-4446-BDE8-FF9796731812}.Debug|Any CPU.Build.0 = Debug|Any CPU
		{AE4B1D45-3BFE-4446-BDE8-FF9796731812}.Release|Any CPU.ActiveCfg = Release|Any CPU
		{AE4B1D45-3BFE-4446-BDE8-FF9796731812}.Release|Any CPU.Build.0 = Release|Any CPU
	EndGlobalSection
	GlobalSection(SolutionProperties) = preSolution
		HideSolutionNode = FALSE
	EndGlobalSection
	GlobalSection(ExtensibilityGlobals) = postSolution
		SolutionGuid = {EC9490DA-5D21-44F0-A223-0C674CAC15ED}
	EndGlobalSection
EndGlobal
