
Microsoft Visual Studio Solution File, Format Version 12.00
# Visual Studio 15
VisualStudioVersion = 15.0.28307.421
MinimumVisualStudioVersion = 10.0.40219.1
Project("{FAE04EC0-301F-11D3-BF4B-00C04F79EFBC}") = "Hello1", "Hello1\Hello1.csproj", "{B1233880-4BAE-415D-A4EC-F092B08F4E0D}"
EndProject
Global
	GlobalSection(SolutionConfigurationPlatforms) = preSolution
		Debug|Any CPU = Debug|Any CPU
		Release|Any CPU = Release|Any CPU
	EndGlobalSection
	GlobalSection(ProjectConfigurationPlatforms) = postSolution
		{B1233880-4BAE-415D-A4EC-F092B08F4E0D}.Debug|Any CPU.ActiveCfg = Debug|Any CPU
		{B1233880-4BAE-415D-A4EC-F092B08F4E0D}.Debug|Any CPU.Build.0 = Debug|Any CPU
		{B1233880-4BAE-415D-A4EC-F092B08F4E0D}.Release|Any CPU.ActiveCfg = Release|Any CPU
		{B1233880-4BAE-415D-A4EC-F092B08F4E0D}.Release|Any CPU.Build.0 = Release|Any CPU
	EndGlobalSection
	GlobalSection(SolutionProperties) = preSolution
		HideSolutionNode = FALSE
	EndGlobalSection
	GlobalSection(ExtensibilityGlobals) = postSolution
		SolutionGuid = {1560E20F-602F-429C-92FE-70AB12E7A6E6}
	EndGlobalSection
EndGlobal
